<?xml version="1.0" encoding="utf-8"?>
<Project ToolsVersion="4.0" xmlns="http://schemas.microsoft.com/developer/msbuild/2003">
  <ItemGroup>
    <Filter Include="Window">
      <UniqueIdentifier>{0b80ccb9-93ec-4e65-afe1-9ecad80bd0b5}</UniqueIdentifier>
    </Filter>
    <Filter Include="Components">
      <UniqueIdentifier>{c56db391-3048-425b-b282-05d443366982}</UniqueIdentifier>
    </Filter>
    <Filter Include="Rendering">
      <UniqueIdentifier>{d90c6732-eaad-4a3e-8783-aef4f68e7a37}</UniqueIdentifier>
    </Filter>
  </ItemGroup>
  <ItemGroup>
    <ClInclude Include="IWindowComponent.h">
      <Filter>Window</Filter>
    </ClInclude>
    <ClInclude Include="Gamepad.h">
      <Filter>Components</Filter>
    </ClInclude>
    <ClInclude Include="Input.h">
      <Filter>Components</Filter>
    </ClInclude>
    <ClInclude Include="RenderingContext.h">
      <Filter>Rendering</Filter>
    </ClInclude>
    <ClInclude Include="WindowContext.h">
      <Filter>Window</Filter>
    </ClInclude>
    <ClInclude Include="Utils.h" />
    <ClInclude Include="Window.h">
      <Filter>Window</Filter>
    </ClInclude>
    <ClInclude Include="Game.h">
      <Filter>Window</Filter>
    </ClInclude>
    <ClInclude Include="Shader.h">
      <Filter>Rendering</Filter>
    </ClInclude>
    <ClInclude Include="d3dx12.h">
      <Filter>Rendering</Filter>
    </ClInclude>
    <ClInclude Include="Camera.h">
      <Filter>Rendering</Filter>
    </ClInclude>
  </ItemGroup>
  <ItemGroup>
    <ClCompile Include="Gamepad.cpp">
      <Filter>Components</Filter>
    </ClCompile>
    <ClCompile Include="Input.cpp">
      <Filter>Components</Filter>
    </ClCompile>
    <ClCompile Include="RenderingContext.cpp">
      <Filter>Rendering</Filter>
    </ClCompile>
    <ClCompile Include="Window.cpp">
      <Filter>Window</Filter>
    </ClCompile>
    <ClCompile Include="Game.cpp">
      <Filter>Window</Filter>
    </ClCompile>
    <ClCompile Include="Shader.cpp">
      <Filter>Rendering</Filter>
    </ClCompile>
    <ClCompile Include="Camera.cpp">
      <Filter>Rendering</Filter>
    </ClCompile>
  </ItemGroup>
  <ItemGroup>
    <Text Include="shaders.hlsl">
      <Filter>Rendering</Filter>
    </Text>
  </ItemGroup>
</Project>