<?xml version="1.0" encoding="utf-8"?>
<Project ToolsVersion="4.0" xmlns="http://schemas.microsoft.com/developer/msbuild/2003">
  <ItemGroup>
    <Filter Include="Window">
      <UniqueIdentifier>{0b80ccb9-93ec-4e65-afe1-9ecad80bd0b5}</UniqueIdentifier>
    </Filter>
    <Filter Include="Components">
      <UniqueIdentifier>{c56db391-3048-425b-b282-05d443366982}</UniqueIdentifier>
    </Filter>
    <Filter Include="Dxgi">
      <UniqueIdentifier>{b57133ce-7338-4feb-a045-f1d1b76471e0}</UniqueIdentifier>
    </Filter>
  </ItemGroup>
  <ItemGroup>
    <ClInclude Include="BaseWindow.h">
      <Filter>Window</Filter>
    </ClInclude>
    <ClInclude Include="DisplayDescriptor.h">
      <Filter>Window</Filter>
    </ClInclude>
    <ClInclude Include="IWindowComponent.h">
      <Filter>Window</Filter>
    </ClInclude>
    <ClInclude Include="WindowClass.h">
      <Filter>Window</Filter>
    </ClInclude>
    <ClInclude Include="Gamepad.h">
      <Filter>Components</Filter>
    </ClInclude>
    <ClInclude Include="Input.h">
      <Filter>Components</Filter>
    </ClInclude>
    <ClInclude Include="Timer.h">
      <Filter>Components</Filter>
    </ClInclude>
    <ClInclude Include="DxgiManager.h">
      <Filter>Dxgi</Filter>
    </ClInclude>
  </ItemGroup>
  <ItemGroup>
    <ClCompile Include="BaseWindow.cpp">
      <Filter>Window</Filter>
    </ClCompile>
    <ClCompile Include="DisplayDescriptor.cpp">
      <Filter>Window</Filter>
    </ClCompile>
    <ClCompile Include="WindowClass.cpp">
      <Filter>Window</Filter>
    </ClCompile>
    <ClCompile Include="Gamepad.cpp">
      <Filter>Components</Filter>
    </ClCompile>
    <ClCompile Include="Input.cpp">
      <Filter>Components</Filter>
    </ClCompile>
    <ClCompile Include="Timer.cpp">
      <Filter>Components</Filter>
    </ClCompile>
    <ClCompile Include="DxgiManager.cpp">
      <Filter>Dxgi</Filter>
    </ClCompile>
  </ItemGroup>
</Project>